// !$*UTF8*$!
{
	archiveVersion = 1;
	classes = {
	};
	objectVersion = 56;
	objects = {

/* Begin PBXBuildFile section */
		CE88F4532C3997F500FFC595 /* AppCoordinator.swift in Sources */ = {isa = PBXBuildFile; fileRef = CE88F4522C3997F500FFC595 /* AppCoordinator.swift */; };
		CE8C289D2C37AC0E00E97F41 /* AppDelegate.swift in Sources */ = {isa = PBXBuildFile; fileRef = CE8C289C2C37AC0E00E97F41 /* AppDelegate.swift */; };
		CE8C289F2C37AC0E00E97F41 /* SceneDelegate.swift in Sources */ = {isa = PBXBuildFile; fileRef = CE8C289E2C37AC0E00E97F41 /* SceneDelegate.swift */; };
		CE8C28A12C37AC0E00E97F41 /* ViewController.swift in Sources */ = {isa = PBXBuildFile; fileRef = CE8C28A02C37AC0E00E97F41 /* ViewController.swift */; };
		CE8C28A62C37AC0F00E97F41 /* Assets.xcassets in Resources */ = {isa = PBXBuildFile; fileRef = CE8C28A52C37AC0F00E97F41 /* Assets.xcassets */; };
		CE8C28A92C37AC0F00E97F41 /* Base in Resources */ = {isa = PBXBuildFile; fileRef = CE8C28A82C37AC0F00E97F41 /* Base */; };
		CE8C28C02C37C44B00E97F41 /* Roboto-ThinItalic.ttf in Resources */ = {isa = PBXBuildFile; fileRef = CE8C28B32C37C44A00E97F41 /* Roboto-ThinItalic.ttf */; };
		CE8C28C12C37C44B00E97F41 /* Roboto-Italic.ttf in Resources */ = {isa = PBXBuildFile; fileRef = CE8C28B42C37C44A00E97F41 /* Roboto-Italic.ttf */; };
		CE8C28C22C37C44B00E97F41 /* Roboto-MediumItalic.ttf in Resources */ = {isa = PBXBuildFile; fileRef = CE8C28B52C37C44A00E97F41 /* Roboto-MediumItalic.ttf */; };
		CE8C28C32C37C44B00E97F41 /* Roboto-BoldItalic.ttf in Resources */ = {isa = PBXBuildFile; fileRef = CE8C28B62C37C44B00E97F41 /* Roboto-BoldItalic.ttf */; };
		CE8C28C42C37C44B00E97F41 /* Roboto-Black.ttf in Resources */ = {isa = PBXBuildFile; fileRef = CE8C28B72C37C44B00E97F41 /* Roboto-Black.ttf */; };
		CE8C28C52C37C44B00E97F41 /* Roboto-Light.ttf in Resources */ = {isa = PBXBuildFile; fileRef = CE8C28B82C37C44B00E97F41 /* Roboto-Light.ttf */; };
		CE8C28C62C37C44B00E97F41 /* LICENSE.txt in Resources */ = {isa = PBXBuildFile; fileRef = CE8C28B92C37C44B00E97F41 /* LICENSE.txt */; };
		CE8C28C72C37C44B00E97F41 /* Roboto-Bold.ttf in Resources */ = {isa = PBXBuildFile; fileRef = CE8C28BA2C37C44B00E97F41 /* Roboto-Bold.ttf */; };
		CE8C28C82C37C44B00E97F41 /* Roboto-LightItalic.ttf in Resources */ = {isa = PBXBuildFile; fileRef = CE8C28BB2C37C44B00E97F41 /* Roboto-LightItalic.ttf */; };
		CE8C28C92C37C44B00E97F41 /* Roboto-Medium.ttf in Resources */ = {isa = PBXBuildFile; fileRef = CE8C28BC2C37C44B00E97F41 /* Roboto-Medium.ttf */; };
		CE8C28CA2C37C44B00E97F41 /* Roboto-Thin.ttf in Resources */ = {isa = PBXBuildFile; fileRef = CE8C28BD2C37C44B00E97F41 /* Roboto-Thin.ttf */; };
		CE8C28CB2C37C44B00E97F41 /* Roboto-BlackItalic.ttf in Resources */ = {isa = PBXBuildFile; fileRef = CE8C28BE2C37C44B00E97F41 /* Roboto-BlackItalic.ttf */; };
		CE8C28CC2C37C44B00E97F41 /* Roboto-Regular.ttf in Resources */ = {isa = PBXBuildFile; fileRef = CE8C28BF2C37C44B00E97F41 /* Roboto-Regular.ttf */; };
		CE8C28CF2C37C60300E97F41 /* UIFont+Extension.swift in Sources */ = {isa = PBXBuildFile; fileRef = CE8C28CE2C37C60300E97F41 /* UIFont+Extension.swift */; };
		CE8C28D12C386EAB00E97F41 /* UIColor+Extension.swift in Sources */ = {isa = PBXBuildFile; fileRef = CE8C28D02C386EAB00E97F41 /* UIColor+Extension.swift */; };
		CE8C28D32C386F8500E97F41 /* AppColors.swift in Sources */ = {isa = PBXBuildFile; fileRef = CE8C28D22C386F8500E97F41 /* AppColors.swift */; };
		CE8C28D82C3874E700E97F41 /* Coordinator.swift in Sources */ = {isa = PBXBuildFile; fileRef = CE8C28D72C3874E700E97F41 /* Coordinator.swift */; };
		CE9FB6BE2C3A5ECA009040EE /* HomeCoordinator.swift in Sources */ = {isa = PBXBuildFile; fileRef = CE9FB6BD2C3A5ECA009040EE /* HomeCoordinator.swift */; };
		CE9FB6C02C3A5F18009040EE /* OrderCoordinator.swift in Sources */ = {isa = PBXBuildFile; fileRef = CE9FB6BF2C3A5F18009040EE /* OrderCoordinator.swift */; };
		CE9FB6C22C3A5F23009040EE /* ListCoordinator.swift in Sources */ = {isa = PBXBuildFile; fileRef = CE9FB6C12C3A5F23009040EE /* ListCoordinator.swift */; };
		CE9FB6C42C3A5F2D009040EE /* ProfileCoordinator.swift in Sources */ = {isa = PBXBuildFile; fileRef = CE9FB6C32C3A5F2D009040EE /* ProfileCoordinator.swift */; };
		CE9FB6C62C3A7A8F009040EE /* TabBarController.swift in Sources */ = {isa = PBXBuildFile; fileRef = CE9FB6C52C3A7A8F009040EE /* TabBarController.swift */; };
		CEF904E32C39A1B300519A3F /* OnboardingCoordinator.swift in Sources */ = {isa = PBXBuildFile; fileRef = CEF904E22C39A1B300519A3F /* OnboardingCoordinator.swift */; };
/* End PBXBuildFile section */

/* Begin PBXFileReference section */
		CE88F4522C3997F500FFC595 /* AppCoordinator.swift */ = {isa = PBXFileReference; lastKnownFileType = sourcecode.swift; path = AppCoordinator.swift; sourceTree = "<group>"; };
		CE8C28992C37AC0E00E97F41 /* FoodApp.app */ = {isa = PBXFileReference; explicitFileType = wrapper.application; includeInIndex = 0; path = FoodApp.app; sourceTree = BUILT_PRODUCTS_DIR; };
		CE8C289C2C37AC0E00E97F41 /* AppDelegate.swift */ = {isa = PBXFileReference; lastKnownFileType = sourcecode.swift; path = AppDelegate.swift; sourceTree = "<group>"; };
		CE8C289E2C37AC0E00E97F41 /* SceneDelegate.swift */ = {isa = PBXFileReference; lastKnownFileType = sourcecode.swift; path = SceneDelegate.swift; sourceTree = "<group>"; };
		CE8C28A02C37AC0E00E97F41 /* ViewController.swift */ = {isa = PBXFileReference; lastKnownFileType = sourcecode.swift; path = ViewController.swift; sourceTree = "<group>"; };
		CE8C28A52C37AC0F00E97F41 /* Assets.xcassets */ = {isa = PBXFileReference; lastKnownFileType = folder.assetcatalog; path = Assets.xcassets; sourceTree = "<group>"; };
		CE8C28A82C37AC0F00E97F41 /* Base */ = {isa = PBXFileReference; lastKnownFileType = file.storyboard; name = Base; path = Base.lproj/LaunchScreen.storyboard; sourceTree = "<group>"; };
		CE8C28AA2C37AC0F00E97F41 /* Info.plist */ = {isa = PBXFileReference; lastKnownFileType = text.plist.xml; path = Info.plist; sourceTree = "<group>"; };
		CE8C28B32C37C44A00E97F41 /* Roboto-ThinItalic.ttf */ = {isa = PBXFileReference; lastKnownFileType = file; path = "Roboto-ThinItalic.ttf"; sourceTree = "<group>"; };
		CE8C28B42C37C44A00E97F41 /* Roboto-Italic.ttf */ = {isa = PBXFileReference; lastKnownFileType = file; path = "Roboto-Italic.ttf"; sourceTree = "<group>"; };
		CE8C28B52C37C44A00E97F41 /* Roboto-MediumItalic.ttf */ = {isa = PBXFileReference; lastKnownFileType = file; path = "Roboto-MediumItalic.ttf"; sourceTree = "<group>"; };
		CE8C28B62C37C44B00E97F41 /* Roboto-BoldItalic.ttf */ = {isa = PBXFileReference; lastKnownFileType = file; path = "Roboto-BoldItalic.ttf"; sourceTree = "<group>"; };
		CE8C28B72C37C44B00E97F41 /* Roboto-Black.ttf */ = {isa = PBXFileReference; lastKnownFileType = file; path = "Roboto-Black.ttf"; sourceTree = "<group>"; };
		CE8C28B82C37C44B00E97F41 /* Roboto-Light.ttf */ = {isa = PBXFileReference; lastKnownFileType = file; path = "Roboto-Light.ttf"; sourceTree = "<group>"; };
		CE8C28B92C37C44B00E97F41 /* LICENSE.txt */ = {isa = PBXFileReference; fileEncoding = 4; lastKnownFileType = text; path = LICENSE.txt; sourceTree = "<group>"; };
		CE8C28BA2C37C44B00E97F41 /* Roboto-Bold.ttf */ = {isa = PBXFileReference; lastKnownFileType = file; path = "Roboto-Bold.ttf"; sourceTree = "<group>"; };
		CE8C28BB2C37C44B00E97F41 /* Roboto-LightItalic.ttf */ = {isa = PBXFileReference; lastKnownFileType = file; path = "Roboto-LightItalic.ttf"; sourceTree = "<group>"; };
		CE8C28BC2C37C44B00E97F41 /* Roboto-Medium.ttf */ = {isa = PBXFileReference; lastKnownFileType = file; path = "Roboto-Medium.ttf"; sourceTree = "<group>"; };
		CE8C28BD2C37C44B00E97F41 /* Roboto-Thin.ttf */ = {isa = PBXFileReference; lastKnownFileType = file; path = "Roboto-Thin.ttf"; sourceTree = "<group>"; };
		CE8C28BE2C37C44B00E97F41 /* Roboto-BlackItalic.ttf */ = {isa = PBXFileReference; lastKnownFileType = file; path = "Roboto-BlackItalic.ttf"; sourceTree = "<group>"; };
		CE8C28BF2C37C44B00E97F41 /* Roboto-Regular.ttf */ = {isa = PBXFileReference; lastKnownFileType = file; path = "Roboto-Regular.ttf"; sourceTree = "<group>"; };
		CE8C28CE2C37C60300E97F41 /* UIFont+Extension.swift */ = {isa = PBXFileReference; lastKnownFileType = sourcecode.swift; path = "UIFont+Extension.swift"; sourceTree = "<group>"; };
		CE8C28D02C386EAB00E97F41 /* UIColor+Extension.swift */ = {isa = PBXFileReference; lastKnownFileType = sourcecode.swift; path = "UIColor+Extension.swift"; sourceTree = "<group>"; };
		CE8C28D22C386F8500E97F41 /* AppColors.swift */ = {isa = PBXFileReference; lastKnownFileType = sourcecode.swift; path = AppColors.swift; sourceTree = "<group>"; };
		CE8C28D72C3874E700E97F41 /* Coordinator.swift */ = {isa = PBXFileReference; lastKnownFileType = sourcecode.swift; path = Coordinator.swift; sourceTree = "<group>"; };
		CE9FB6BD2C3A5ECA009040EE /* HomeCoordinator.swift */ = {isa = PBXFileReference; lastKnownFileType = sourcecode.swift; path = HomeCoordinator.swift; sourceTree = "<group>"; };
		CE9FB6BF2C3A5F18009040EE /* OrderCoordinator.swift */ = {isa = PBXFileReference; lastKnownFileType = sourcecode.swift; path = OrderCoordinator.swift; sourceTree = "<group>"; };
		CE9FB6C12C3A5F23009040EE /* ListCoordinator.swift */ = {isa = PBXFileReference; lastKnownFileType = sourcecode.swift; path = ListCoordinator.swift; sourceTree = "<group>"; };
		CE9FB6C32C3A5F2D009040EE /* ProfileCoordinator.swift */ = {isa = PBXFileReference; lastKnownFileType = sourcecode.swift; path = ProfileCoordinator.swift; sourceTree = "<group>"; };
		CE9FB6C52C3A7A8F009040EE /* TabBarController.swift */ = {isa = PBXFileReference; lastKnownFileType = sourcecode.swift; path = TabBarController.swift; sourceTree = "<group>"; };
		CEF904E22C39A1B300519A3F /* OnboardingCoordinator.swift */ = {isa = PBXFileReference; lastKnownFileType = sourcecode.swift; path = OnboardingCoordinator.swift; sourceTree = "<group>"; };
/* End PBXFileReference section */

/* Begin PBXFrameworksBuildPhase section */
		CE8C28962C37AC0E00E97F41 /* Frameworks */ = {
			isa = PBXFrameworksBuildPhase;
			buildActionMask = 2147483647;
			files = (
			);
			runOnlyForDeploymentPostprocessing = 0;
		};
/* End PBXFrameworksBuildPhase section */

/* Begin PBXGroup section */
		CE8C28902C37AC0E00E97F41 = {
			isa = PBXGroup;
			children = (
				CE8C289B2C37AC0E00E97F41 /* FoodApp */,
				CE8C289A2C37AC0E00E97F41 /* Products */,
			);
			sourceTree = "<group>";
		};
		CE8C289A2C37AC0E00E97F41 /* Products */ = {
			isa = PBXGroup;
			children = (
				CE8C28992C37AC0E00E97F41 /* FoodApp.app */,
			);
			name = Products;
			sourceTree = "<group>";
		};
		CE8C289B2C37AC0E00E97F41 /* FoodApp */ = {
			isa = PBXGroup;
			children = (
				CE8C28D42C3873AE00E97F41 /* NavigationLayer */,
				CE8C28B02C37C41F00E97F41 /* Resources */,
				CE8C289C2C37AC0E00E97F41 /* AppDelegate.swift */,
				CE8C289E2C37AC0E00E97F41 /* SceneDelegate.swift */,
				CE8C28A52C37AC0F00E97F41 /* Assets.xcassets */,
				CE8C28A72C37AC0F00E97F41 /* LaunchScreen.storyboard */,
				CE8C28AA2C37AC0F00E97F41 /* Info.plist */,
			);
			path = FoodApp;
			sourceTree = "<group>";
		};
		CE8C28B02C37C41F00E97F41 /* Resources */ = {
			isa = PBXGroup;
			children = (
				CE8C28CD2C37C5C700E97F41 /* Extensions */,
				CE8C28B12C37C42700E97F41 /* Fonts */,
				CE8C28D22C386F8500E97F41 /* AppColors.swift */,
			);
			path = Resources;
			sourceTree = "<group>";
		};
		CE8C28B12C37C42700E97F41 /* Fonts */ = {
			isa = PBXGroup;
			children = (
				CE8C28B22C37C43100E97F41 /* Roboto */,
			);
			path = Fonts;
			sourceTree = "<group>";
		};
		CE8C28B22C37C43100E97F41 /* Roboto */ = {
			isa = PBXGroup;
			children = (
				CE8C28B92C37C44B00E97F41 /* LICENSE.txt */,
				CE8C28B72C37C44B00E97F41 /* Roboto-Black.ttf */,
				CE8C28BE2C37C44B00E97F41 /* Roboto-BlackItalic.ttf */,
				CE8C28BA2C37C44B00E97F41 /* Roboto-Bold.ttf */,
				CE8C28B62C37C44B00E97F41 /* Roboto-BoldItalic.ttf */,
				CE8C28B42C37C44A00E97F41 /* Roboto-Italic.ttf */,
				CE8C28B82C37C44B00E97F41 /* Roboto-Light.ttf */,
				CE8C28BB2C37C44B00E97F41 /* Roboto-LightItalic.ttf */,
				CE8C28BC2C37C44B00E97F41 /* Roboto-Medium.ttf */,
				CE8C28B52C37C44A00E97F41 /* Roboto-MediumItalic.ttf */,
				CE8C28BF2C37C44B00E97F41 /* Roboto-Regular.ttf */,
				CE8C28BD2C37C44B00E97F41 /* Roboto-Thin.ttf */,
				CE8C28B32C37C44A00E97F41 /* Roboto-ThinItalic.ttf */,
			);
			path = Roboto;
			sourceTree = "<group>";
		};
		CE8C28CD2C37C5C700E97F41 /* Extensions */ = {
			isa = PBXGroup;
			children = (
				CE8C28CE2C37C60300E97F41 /* UIFont+Extension.swift */,
				CE8C28D02C386EAB00E97F41 /* UIColor+Extension.swift */,
			);
			path = Extensions;
			sourceTree = "<group>";
		};
		CE8C28D42C3873AE00E97F41 /* NavigationLayer */ = {
			isa = PBXGroup;
			children = (
				CE8C28D62C3873E600E97F41 /* Coordinators */,
				CE8C28D52C3873E100E97F41 /* Controllers */,
			);
			path = NavigationLayer;
			sourceTree = "<group>";
		};
		CE8C28D52C3873E100E97F41 /* Controllers */ = {
			isa = PBXGroup;
			children = (
				CE8C28A02C37AC0E00E97F41 /* ViewController.swift */,
				CE9FB6C52C3A7A8F009040EE /* TabBarController.swift */,
			);
			path = Controllers;
			sourceTree = "<group>";
		};
		CE8C28D62C3873E600E97F41 /* Coordinators */ = {
			isa = PBXGroup;
			children = (
				CE8C28D72C3874E700E97F41 /* Coordinator.swift */,
				CE88F4522C3997F500FFC595 /* AppCoordinator.swift */,
				CEF904E22C39A1B300519A3F /* OnboardingCoordinator.swift */,
				CE9FB6BC2C3A5EBD009040EE /* Tabs */,
			);
			path = Coordinators;
			sourceTree = "<group>";
		};
		CE9FB6BC2C3A5EBD009040EE /* Tabs */ = {
			isa = PBXGroup;
			children = (
				CE9FB6BD2C3A5ECA009040EE /* HomeCoordinator.swift */,
				CE9FB6BF2C3A5F18009040EE /* OrderCoordinator.swift */,
				CE9FB6C12C3A5F23009040EE /* ListCoordinator.swift */,
				CE9FB6C32C3A5F2D009040EE /* ProfileCoordinator.swift */,
			);
			path = Tabs;
			sourceTree = "<group>";
		};
/* End PBXGroup section */

/* Begin PBXNativeTarget section */
		CE8C28982C37AC0E00E97F41 /* FoodApp */ = {
			isa = PBXNativeTarget;
			buildConfigurationList = CE8C28AD2C37AC0F00E97F41 /* Build configuration list for PBXNativeTarget "FoodApp" */;
			buildPhases = (
				CE8C28952C37AC0E00E97F41 /* Sources */,
				CE8C28962C37AC0E00E97F41 /* Frameworks */,
				CE8C28972C37AC0E00E97F41 /* Resources */,
			);
			buildRules = (
			);
			dependencies = (
			);
			name = FoodApp;
			productName = FoodApp;
			productReference = CE8C28992C37AC0E00E97F41 /* FoodApp.app */;
			productType = "com.apple.product-type.application";
		};
/* End PBXNativeTarget section */

/* Begin PBXProject section */
		CE8C28912C37AC0E00E97F41 /* Project object */ = {
			isa = PBXProject;
			attributes = {
				BuildIndependentTargetsInParallel = 1;
				LastSwiftUpdateCheck = 1530;
				LastUpgradeCheck = 1530;
				TargetAttributes = {
					CE8C28982C37AC0E00E97F41 = {
						CreatedOnToolsVersion = 15.3;
					};
				};
			};
			buildConfigurationList = CE8C28942C37AC0E00E97F41 /* Build configuration list for PBXProject "FoodApp" */;
			compatibilityVersion = "Xcode 14.0";
			developmentRegion = en;
			hasScannedForEncodings = 0;
			knownRegions = (
				en,
				Base,
			);
			mainGroup = CE8C28902C37AC0E00E97F41;
			productRefGroup = CE8C289A2C37AC0E00E97F41 /* Products */;
			projectDirPath = "";
			projectRoot = "";
			targets = (
				CE8C28982C37AC0E00E97F41 /* FoodApp */,
			);
		};
/* End PBXProject section */

/* Begin PBXResourcesBuildPhase section */
		CE8C28972C37AC0E00E97F41 /* Resources */ = {
			isa = PBXResourcesBuildPhase;
			buildActionMask = 2147483647;
			files = (
				CE8C28C32C37C44B00E97F41 /* Roboto-BoldItalic.ttf in Resources */,
				CE8C28C82C37C44B00E97F41 /* Roboto-LightItalic.ttf in Resources */,
				CE8C28C02C37C44B00E97F41 /* Roboto-ThinItalic.ttf in Resources */,
				CE8C28CB2C37C44B00E97F41 /* Roboto-BlackItalic.ttf in Resources */,
				CE8C28C72C37C44B00E97F41 /* Roboto-Bold.ttf in Resources */,
				CE8C28C22C37C44B00E97F41 /* Roboto-MediumItalic.ttf in Resources */,
				CE8C28C62C37C44B00E97F41 /* LICENSE.txt in Resources */,
				CE8C28C12C37C44B00E97F41 /* Roboto-Italic.ttf in Resources */,
				CE8C28C42C37C44B00E97F41 /* Roboto-Black.ttf in Resources */,
				CE8C28C92C37C44B00E97F41 /* Roboto-Medium.ttf in Resources */,
				CE8C28A62C37AC0F00E97F41 /* Assets.xcassets in Resources */,
				CE8C28C52C37C44B00E97F41 /* Roboto-Light.ttf in Resources */,
				CE8C28CC2C37C44B00E97F41 /* Roboto-Regular.ttf in Resources */,
				CE8C28CA2C37C44B00E97F41 /* Roboto-Thin.ttf in Resources */,
				CE8C28A92C37AC0F00E97F41 /* Base in Resources */,
			);
			runOnlyForDeploymentPostprocessing = 0;
		};
/* End PBXResourcesBuildPhase section */

/* Begin PBXSourcesBuildPhase section */
		CE8C28952C37AC0E00E97F41 /* Sources */ = {
			isa = PBXSourcesBuildPhase;
			buildActionMask = 2147483647;
			files = (
				CE8C28A12C37AC0E00E97F41 /* ViewController.swift in Sources */,
				CE8C289D2C37AC0E00E97F41 /* AppDelegate.swift in Sources */,
				CE8C28CF2C37C60300E97F41 /* UIFont+Extension.swift in Sources */,
				CE8C28D32C386F8500E97F41 /* AppColors.swift in Sources */,
				CEF904E32C39A1B300519A3F /* OnboardingCoordinator.swift in Sources */,
				CE88F4532C3997F500FFC595 /* AppCoordinator.swift in Sources */,
				CE9FB6C02C3A5F18009040EE /* OrderCoordinator.swift in Sources */,
				CE8C289F2C37AC0E00E97F41 /* SceneDelegate.swift in Sources */,
				CE9FB6C42C3A5F2D009040EE /* ProfileCoordinator.swift in Sources */,
				CE9FB6C22C3A5F23009040EE /* ListCoordinator.swift in Sources */,
				CE9FB6BE2C3A5ECA009040EE /* HomeCoordinator.swift in Sources */,
				CE9FB6C62C3A7A8F009040EE /* TabBarController.swift in Sources */,
				CE8C28D12C386EAB00E97F41 /* UIColor+Extension.swift in Sources */,
				CE8C28D82C3874E700E97F41 /* Coordinator.swift in Sources */,
			);
			runOnlyForDeploymentPostprocessing = 0;
		};
/* End PBXSourcesBuildPhase section */

/* Begin PBXVariantGroup section */
		CE8C28A72C37AC0F00E97F41 /* LaunchScreen.storyboard */ = {
			isa = PBXVariantGroup;
			children = (
				CE8C28A82C37AC0F00E97F41 /* Base */,
			);
			name = LaunchScreen.storyboard;
			sourceTree = "<group>";
		};
/* End PBXVariantGroup section */

/* Begin XCBuildConfiguration section */
		CE8C28AB2C37AC0F00E97F41 /* Debug */ = {
			isa = XCBuildConfiguration;
			buildSettings = {
				ALWAYS_SEARCH_USER_PATHS = NO;
				ASSETCATALOG_COMPILER_GENERATE_SWIFT_ASSET_SYMBOL_EXTENSIONS = YES;
				CLANG_ANALYZER_NONNULL = YES;
				CLANG_ANALYZER_NUMBER_OBJECT_CONVERSION = YES_AGGRESSIVE;
				CLANG_CXX_LANGUAGE_STANDARD = "gnu++20";
				CLANG_ENABLE_MODULES = YES;
				CLANG_ENABLE_OBJC_ARC = YES;
				CLANG_ENABLE_OBJC_WEAK = YES;
				CLANG_WARN_BLOCK_CAPTURE_AUTORELEASING = YES;
				CLANG_WARN_BOOL_CONVERSION = YES;
				CLANG_WARN_COMMA = YES;
				CLANG_WARN_CONSTANT_CONVERSION = YES;
				CLANG_WARN_DEPRECATED_OBJC_IMPLEMENTATIONS = YES;
				CLANG_WARN_DIRECT_OBJC_ISA_USAGE = YES_ERROR;
				CLANG_WARN_DOCUMENTATION_COMMENTS = YES;
				CLANG_WARN_EMPTY_BODY = YES;
				CLANG_WARN_ENUM_CONVERSION = YES;
				CLANG_WARN_INFINITE_RECURSION = YES;
				CLANG_WARN_INT_CONVERSION = YES;
				CLANG_WARN_NON_LITERAL_NULL_CONVERSION = YES;
				CLANG_WARN_OBJC_IMPLICIT_RETAIN_SELF = YES;
				CLANG_WARN_OBJC_LITERAL_CONVERSION = YES;
				CLANG_WARN_OBJC_ROOT_CLASS = YES_ERROR;
				CLANG_WARN_QUOTED_INCLUDE_IN_FRAMEWORK_HEADER = YES;
				CLANG_WARN_RANGE_LOOP_ANALYSIS = YES;
				CLANG_WARN_STRICT_PROTOTYPES = YES;
				CLANG_WARN_SUSPICIOUS_MOVE = YES;
				CLANG_WARN_UNGUARDED_AVAILABILITY = YES_AGGRESSIVE;
				CLANG_WARN_UNREACHABLE_CODE = YES;
				CLANG_WARN__DUPLICATE_METHOD_MATCH = YES;
				COPY_PHASE_STRIP = NO;
				DEBUG_INFORMATION_FORMAT = dwarf;
				ENABLE_STRICT_OBJC_MSGSEND = YES;
				ENABLE_TESTABILITY = YES;
				ENABLE_USER_SCRIPT_SANDBOXING = YES;
				GCC_C_LANGUAGE_STANDARD = gnu17;
				GCC_DYNAMIC_NO_PIC = NO;
				GCC_NO_COMMON_BLOCKS = YES;
				GCC_OPTIMIZATION_LEVEL = 0;
				GCC_PREPROCESSOR_DEFINITIONS = (
					"DEBUG=1",
					"$(inherited)",
				);
				GCC_WARN_64_TO_32_BIT_CONVERSION = YES;
				GCC_WARN_ABOUT_RETURN_TYPE = YES_ERROR;
				GCC_WARN_UNDECLARED_SELECTOR = YES;
				GCC_WARN_UNINITIALIZED_AUTOS = YES_AGGRESSIVE;
				GCC_WARN_UNUSED_FUNCTION = YES;
				GCC_WARN_UNUSED_VARIABLE = YES;
				IPHONEOS_DEPLOYMENT_TARGET = 17.4;
				LOCALIZATION_PREFERS_STRING_CATALOGS = YES;
				MTL_ENABLE_DEBUG_INFO = INCLUDE_SOURCE;
				MTL_FAST_MATH = YES;
				ONLY_ACTIVE_ARCH = YES;
				SDKROOT = iphoneos;
				SWIFT_ACTIVE_COMPILATION_CONDITIONS = "DEBUG $(inherited)";
				SWIFT_OPTIMIZATION_LEVEL = "-Onone";
			};
			name = Debug;
		};
		CE8C28AC2C37AC0F00E97F41 /* Release */ = {
			isa = XCBuildConfiguration;
			buildSettings = {
				ALWAYS_SEARCH_USER_PATHS = NO;
				ASSETCATALOG_COMPILER_GENERATE_SWIFT_ASSET_SYMBOL_EXTENSIONS = YES;
				CLANG_ANALYZER_NONNULL = YES;
				CLANG_ANALYZER_NUMBER_OBJECT_CONVERSION = YES_AGGRESSIVE;
				CLANG_CXX_LANGUAGE_STANDARD = "gnu++20";
				CLANG_ENABLE_MODULES = YES;
				CLANG_ENABLE_OBJC_ARC = YES;
				CLANG_ENABLE_OBJC_WEAK = YES;
				CLANG_WARN_BLOCK_CAPTURE_AUTORELEASING = YES;
				CLANG_WARN_BOOL_CONVERSION = YES;
				CLANG_WARN_COMMA = YES;
				CLANG_WARN_CONSTANT_CONVERSION = YES;
				CLANG_WARN_DEPRECATED_OBJC_IMPLEMENTATIONS = YES;
				CLANG_WARN_DIRECT_OBJC_ISA_USAGE = YES_ERROR;
				CLANG_WARN_DOCUMENTATION_COMMENTS = YES;
				CLANG_WARN_EMPTY_BODY = YES;
				CLANG_WARN_ENUM_CONVERSION = YES;
				CLANG_WARN_INFINITE_RECURSION = YES;
				CLANG_WARN_INT_CONVERSION = YES;
				CLANG_WARN_NON_LITERAL_NULL_CONVERSION = YES;
				CLANG_WARN_OBJC_IMPLICIT_RETAIN_SELF = YES;
				CLANG_WARN_OBJC_LITERAL_CONVERSION = YES;
				CLANG_WARN_OBJC_ROOT_CLASS = YES_ERROR;
				CLANG_WARN_QUOTED_INCLUDE_IN_FRAMEWORK_HEADER = YES;
				CLANG_WARN_RANGE_LOOP_ANALYSIS = YES;
				CLANG_WARN_STRICT_PROTOTYPES = YES;
				CLANG_WARN_SUSPICIOUS_MOVE = YES;
				CLANG_WARN_UNGUARDED_AVAILABILITY = YES_AGGRESSIVE;
				CLANG_WARN_UNREACHABLE_CODE = YES;
				CLANG_WARN__DUPLICATE_METHOD_MATCH = YES;
				COPY_PHASE_STRIP = NO;
				DEBUG_INFORMATION_FORMAT = "dwarf-with-dsym";
				ENABLE_NS_ASSERTIONS = NO;
				ENABLE_STRICT_OBJC_MSGSEND = YES;
				ENABLE_USER_SCRIPT_SANDBOXING = YES;
				GCC_C_LANGUAGE_STANDARD = gnu17;
				GCC_NO_COMMON_BLOCKS = YES;
				GCC_WARN_64_TO_32_BIT_CONVERSION = YES;
				GCC_WARN_ABOUT_RETURN_TYPE = YES_ERROR;
				GCC_WARN_UNDECLARED_SELECTOR = YES;
				GCC_WARN_UNINITIALIZED_AUTOS = YES_AGGRESSIVE;
				GCC_WARN_UNUSED_FUNCTION = YES;
				GCC_WARN_UNUSED_VARIABLE = YES;
				IPHONEOS_DEPLOYMENT_TARGET = 17.4;
				LOCALIZATION_PREFERS_STRING_CATALOGS = YES;
				MTL_ENABLE_DEBUG_INFO = NO;
				MTL_FAST_MATH = YES;
				SDKROOT = iphoneos;
				SWIFT_COMPILATION_MODE = wholemodule;
				VALIDATE_PRODUCT = YES;
			};
			name = Release;
		};
		CE8C28AE2C37AC0F00E97F41 /* Debug */ = {
			isa = XCBuildConfiguration;
			buildSettings = {
				ASSETCATALOG_COMPILER_APPICON_NAME = AppIcon;
				ASSETCATALOG_COMPILER_GLOBAL_ACCENT_COLOR_NAME = AccentColor;
				CODE_SIGN_STYLE = Automatic;
				CURRENT_PROJECT_VERSION = 1;
				DEVELOPMENT_TEAM = 366RM22H3X;
				GENERATE_INFOPLIST_FILE = YES;
				INFOPLIST_FILE = FoodApp/Info.plist;
				INFOPLIST_KEY_UIApplicationSupportsIndirectInputEvents = YES;
				INFOPLIST_KEY_UILaunchStoryboardName = LaunchScreen;
				INFOPLIST_KEY_UISupportedInterfaceOrientations_iPad = "UIInterfaceOrientationPortrait UIInterfaceOrientationPortraitUpsideDown UIInterfaceOrientationLandscapeLeft UIInterfaceOrientationLandscapeRight";
				INFOPLIST_KEY_UISupportedInterfaceOrientations_iPhone = "UIInterfaceOrientationPortrait UIInterfaceOrientationLandscapeLeft UIInterfaceOrientationLandscapeRight";
				LD_RUNPATH_SEARCH_PATHS = (
					"$(inherited)",
					"@executable_path/Frameworks",
				);
				MARKETING_VERSION = 1.0;
				PRODUCT_BUNDLE_IDENTIFIER = FirstApp.FoodApp;
				PRODUCT_NAME = "$(TARGET_NAME)";
				SWIFT_EMIT_LOC_STRINGS = YES;
				SWIFT_VERSION = 5.0;
				TARGETED_DEVICE_FAMILY = "1,2";
			};
			name = Debug;
		};
		CE8C28AF2C37AC0F00E97F41 /* Release */ = {
			isa = XCBuildConfiguration;
			buildSettings = {
				ASSETCATALOG_COMPILER_APPICON_NAME = AppIcon;
				ASSETCATALOG_COMPILER_GLOBAL_ACCENT_COLOR_NAME = AccentColor;
				CODE_SIGN_STYLE = Automatic;
				CURRENT_PROJECT_VERSION = 1;
				DEVELOPMENT_TEAM = 366RM22H3X;
				GENERATE_INFOPLIST_FILE = YES;
				INFOPLIST_FILE = FoodApp/Info.plist;
				INFOPLIST_KEY_UIApplicationSupportsIndirectInputEvents = YES;
				INFOPLIST_KEY_UILaunchStoryboardName = LaunchScreen;
				INFOPLIST_KEY_UISupportedInterfaceOrientations_iPad = "UIInterfaceOrientationPortrait UIInterfaceOrientationPortraitUpsideDown UIInterfaceOrientationLandscapeLeft UIInterfaceOrientationLandscapeRight";
				INFOPLIST_KEY_UISupportedInterfaceOrientations_iPhone = "UIInterfaceOrientationPortrait UIInterfaceOrientationLandscapeLeft UIInterfaceOrientationLandscapeRight";
				LD_RUNPATH_SEARCH_PATHS = (
					"$(inherited)",
					"@executable_path/Frameworks",
				);
				MARKETING_VERSION = 1.0;
				PRODUCT_BUNDLE_IDENTIFIER = FirstApp.FoodApp;
				PRODUCT_NAME = "$(TARGET_NAME)";
				SWIFT_EMIT_LOC_STRINGS = YES;
				SWIFT_VERSION = 5.0;
				TARGETED_DEVICE_FAMILY = "1,2";
			};
			name = Release;
		};
/* End XCBuildConfiguration section */

/* Begin XCConfigurationList section */
		CE8C28942C37AC0E00E97F41 /* Build configuration list for PBXProject "FoodApp" */ = {
			isa = XCConfigurationList;
			buildConfigurations = (
				CE8C28AB2C37AC0F00E97F41 /* Debug */,
				CE8C28AC2C37AC0F00E97F41 /* Release */,
			);
			defaultConfigurationIsVisible = 0;
			defaultConfigurationName = Release;
		};
		CE8C28AD2C37AC0F00E97F41 /* Build configuration list for PBXNativeTarget "FoodApp" */ = {
			isa = XCConfigurationList;
			buildConfigurations = (
				CE8C28AE2C37AC0F00E97F41 /* Debug */,
				CE8C28AF2C37AC0F00E97F41 /* Release */,
			);
			defaultConfigurationIsVisible = 0;
			defaultConfigurationName = Release;
		};
/* End XCConfigurationList section */
	};
	rootObject = CE8C28912C37AC0E00E97F41 /* Project object */;
}
